<?xml version="1.0" encoding="utf-8"?>
<Project ToolsVersion="4.0" xmlns="http://schemas.microsoft.com/developer/msbuild/2003">
  <ItemGroup>
    <Filter Include="Source">
      <UniqueIdentifier>{1bc5a047-35b6-4694-b75d-30b1770eb45b}</UniqueIdentifier>
    </Filter>
    <Filter Include="Source\Systems">
      <UniqueIdentifier>{99b20a20-a360-45aa-a303-bf47c6e248fe}</UniqueIdentifier>
    </Filter>
    <Filter Include="Source\GUI">
      <UniqueIdentifier>{169e3846-13da-4338-b319-455f018ba943}</UniqueIdentifier>
    </Filter>
    <Filter Include="Source\Objects">
      <UniqueIdentifier>{dab875e8-3a0d-4d84-825d-06bd36f171db}</UniqueIdentifier>
    </Filter>
    <Filter Include="Source\Systems\Components">
      <UniqueIdentifier>{e7086b99-ab03-4460-bb10-43caa7d44fc6}</UniqueIdentifier>
    </Filter>
    <Filter Include="Source\GUI\Widgets">
      <UniqueIdentifier>{35b54b74-031b-4f5b-ab4d-12b4d662c36b}</UniqueIdentifier>
    </Filter>
    <Filter Include="Source\Headers">
      <UniqueIdentifier>{0dd2a41c-382d-444c-ad6c-545079a27c39}</UniqueIdentifier>
    </Filter>
    <Filter Include="Source\Objects\Instances">
      <UniqueIdentifier>{734593ac-1115-4b1b-bdda-583866749750}</UniqueIdentifier>
    </Filter>
  </ItemGroup>
  <ItemGroup>
    <ClCompile Include="Source\Systems\ArkanoidGame.cpp">
      <Filter>Source\Systems</Filter>
    </ClCompile>
    <ClCompile Include="Source\Systems\ArkanoidGraphics.cpp">
      <Filter>Source\Systems</Filter>
    </ClCompile>
    <ClCompile Include="Source\Systems\ArkanoidInput.cpp">
      <Filter>Source\Systems</Filter>
    </ClCompile>
    <ClCompile Include="Source\Main.cpp">
      <Filter>Source</Filter>
    </ClCompile>
    <ClCompile Include="Source\Systems\Components\PhysicsComponent.cpp">
      <Filter>Source\Systems\Components</Filter>
    </ClCompile>
    <ClCompile Include="Source\GUI\Widgets\PlayingWidget.cpp">
      <Filter>Source\GUI\Widgets</Filter>
    </ClCompile>
    <ClCompile Include="Source\GUI\Widgets\Widget.cpp">
      <Filter>Source\GUI\Widgets</Filter>
    </ClCompile>
    <ClCompile Include="Source\Systems\Components\SpriteManager.cpp">
      <Filter>Source\Systems\Components</Filter>
    </ClCompile>
    <ClCompile Include="Source\Objects\GameField.cpp">
      <Filter>Source\Objects</Filter>
    </ClCompile>
    <ClCompile Include="Source\Objects\Instances\Ball.cpp">
      <Filter>Source\Objects\Instances</Filter>
    </ClCompile>
    <ClCompile Include="Source\Objects\Instances\Platform.cpp">
      <Filter>Source\Objects\Instances</Filter>
    </ClCompile>
    <ClCompile Include="Source\Objects\Instances\Upgrade.cpp">
      <Filter>Source\Objects\Instances</Filter>
    </ClCompile>
    <ClCompile Include="Source\Objects\Object.cpp">
      <Filter>Source\Objects</Filter>
    </ClCompile>
    <ClCompile Include="Source\GUI\Bitmap.cpp">
      <Filter>Source\GUI</Filter>
    </ClCompile>
  </ItemGroup>
  <ItemGroup>
    <ClInclude Include="Source\Systems\ArkanoidGame.h">
      <Filter>Source\Systems</Filter>
    </ClInclude>
    <ClInclude Include="Source\Systems\ArkanoidGraphics.h">
      <Filter>Source\Systems</Filter>
    </ClInclude>
    <ClInclude Include="Source\Systems\ArkanoidInput.h">
      <Filter>Source\Systems</Filter>
    </ClInclude>
    <ClInclude Include="Source\Systems\Components\PhysicsComponent.h">
      <Filter>Source\Systems\Components</Filter>
    </ClInclude>
    <ClInclude Include="Source\GUI\Widgets\PlayingWidget.h">
      <Filter>Source\GUI\Widgets</Filter>
    </ClInclude>
    <ClInclude Include="Source\GUI\Widgets\Widget.h">
      <Filter>Source\GUI\Widgets</Filter>
    </ClInclude>
    <ClInclude Include="Source\Headers\DebugHeader.h">
      <Filter>Source\Headers</Filter>
    </ClInclude>
    <ClInclude Include="Source\Headers\GraphicsHeader.h">
      <Filter>Source\Headers</Filter>
    </ClInclude>
    <ClInclude Include="Source\Systems\Components\SpriteManager.h">
      <Filter>Source\Systems\Components</Filter>
    </ClInclude>
    <ClInclude Include="Source\Headers\BasicHeader.h">
      <Filter>Source\Headers</Filter>
    </ClInclude>
    <ClInclude Include="Source\Headers\BasicStructures.h">
      <Filter>Source\Headers</Filter>
    </ClInclude>
    <ClInclude Include="Source\Objects\GameField.h">
      <Filter>Source\Objects</Filter>
    </ClInclude>
    <ClInclude Include="Source\Objects\Object.h">
      <Filter>Source\Objects</Filter>
    </ClInclude>
    <ClInclude Include="Source\Objects\Instances\Ball.h">
      <Filter>Source\Objects\Instances</Filter>
    </ClInclude>
    <ClInclude Include="Source\Objects\Instances\Platform.h">
      <Filter>Source\Objects\Instances</Filter>
    </ClInclude>
    <ClInclude Include="Source\Objects\Instances\Upgrade.h">
      <Filter>Source\Objects\Instances</Filter>
    </ClInclude>
    <ClInclude Include="Source\GUI\Bitmap.h">
      <Filter>Source\GUI</Filter>
    </ClInclude>
  </ItemGroup>
</Project>